
Microsoft Visual Studio Solution File, Format Version 12.00
# Visual Studio Version 16
VisualStudioVersion = 16.0.29025.244
MinimumVisualStudioVersion = 10.0.40219.1
Project("{FAE04EC0-301F-11D3-BF4B-00C04F79EFBC}") = "Igre_1", "Igre_1.csproj", "{3998DC80-0B14-41D9-8587-8E2308313CFB}"
EndProject
Global
	GlobalSection(SolutionConfigurationPlatforms) = preSolution
		Debug|Any CPU = Debug|Any CPU
		Release|Any CPU = Release|Any CPU
	EndGlobalSection
	GlobalSection(ProjectConfigurationPlatforms) = postSolution
		{3998DC80-0B14-41D9-8587-8E2308313CFB}.Debug|Any CPU.ActiveCfg = Debug|Any CPU
		{3998DC80-0B14-41D9-8587-8E2308313CFB}.Debug|Any CPU.Build.0 = Debug|Any CPU
		{3998DC80-0B14-41D9-8587-8E2308313CFB}.Release|Any CPU.ActiveCfg = Release|Any CPU
		{3998DC80-0B14-41D9-8587-8E2308313CFB}.Release|Any CPU.Build.0 = Release|Any CPU
	EndGlobalSection
	GlobalSection(SolutionProperties) = preSolution
		HideSolutionNode = FALSE
	EndGlobalSection
	GlobalSection(ExtensibilityGlobals) = postSolution
		SolutionGuid = {455DE3AD-BF79-4BFF-A067-F5E3CC47E4EC}
	EndGlobalSection
EndGlobal
